
Microsoft Visual Studio Solution File, Format Version 12.00
# Visual Studio Version 17
VisualStudioVersion = 17.14.36310.24
MinimumVisualStudioVersion = 10.0.40219.1
Project("{FAE04EC0-301F-11D3-BF4B-00C04F79EFBC}") = "SideQuest", "SideQuest\SideQuest.csproj", "{176FA655-5211-4089-8A43-6D3C5785D5AF}"
EndProject
Project("{FAE04EC0-301F-11D3-BF4B-00C04F79EFBC}") = "Barony", "Barony\Barony.csproj", "{A84DE71D-3097-42EA-9A0E-7E3FDD947645}"
EndProject
Project("{FAE04EC0-301F-11D3-BF4B-00C04F79EFBC}") = "LightingControl", "LightingControl\LightingControl.csproj", "{87850887-FB4D-47E2-872D-2D8A911AE90F}"
EndProject
Project("{FAE04EC0-301F-11D3-BF4B-00C04F79EFBC}") = "BabbleBox", "BabbleBox\BabbleBox.csproj", "{7FD52BB0-92E1-2191-66C3-F38D0A11B372}"
EndProject
Project("{FAE04EC0-301F-11D3-BF4B-00C04F79EFBC}") = "SmartLinkClientPrototype", "ClientSkeleton\SmartLinkClientPrototype.csproj", "{D5C8DAEF-6BB7-2DB0-0005-A5FEB2961CA6}"
EndProject
Project("{FAE04EC0-301F-11D3-BF4B-00C04F79EFBC}") = "FFmpegWrapper", "FFmpegWrapper\FFmpegWrapper.csproj", "{3249E32F-8FE1-C5D2-AAE4-028D283938C1}"
EndProject
Project("{FAE04EC0-301F-11D3-BF4B-00C04F79EFBC}") = "GrpcServicePlayground", "GrpcServicePlayground\GrpcServicePlayground.csproj", "{24D0196E-EB6A-6B09-1FAB-49E8F4403EE9}"
EndProject
Project("{FAE04EC0-301F-11D3-BF4B-00C04F79EFBC}") = "MerakiApiPlayground", "MerakiPowerCycle\MerakiApiPlayground.csproj", "{9CD1F738-55B6-3C9B-478A-73FDED16879F}"
EndProject
Project("{FAE04EC0-301F-11D3-BF4B-00C04F79EFBC}") = "MerakiScannerService", "MerakiScannerService\MerakiScannerService.csproj", "{7014FB69-6C05-5093-2DAD-B33A574AE011}"
EndProject
Project("{FAE04EC0-301F-11D3-BF4B-00C04F79EFBC}") = "SharePointLink", "SharePointLink\SharePointLink.csproj", "{FEB469DF-E156-8AB3-3AE2-C49A9D032EE1}"
EndProject
Project("{FAE04EC0-301F-11D3-BF4B-00C04F79EFBC}") = "WhisperWrapper", "WhisperWrapper\WhisperWrapper.csproj", "{86710A6A-14F9-65CA-9170-28DBCFFD3275}"
EndProject
Project("{FAE04EC0-301F-11D3-BF4B-00C04F79EFBC}") = "YubiPlayground", "YubiPlayground\YubiPlayground.csproj", "{E26B6A9D-9BBC-A3E2-4830-900DC94F7DAB}"
EndProject
Project("{FAE04EC0-301F-11D3-BF4B-00C04F79EFBC}") = "AutoHub", "AutoHub\AutoHub.csproj", "{ABBD3AB4-1A90-B2FA-75F3-C755B2A8695A}"
EndProject
Project("{FAE04EC0-301F-11D3-BF4B-00C04F79EFBC}") = "RunDeck", "RunDeck\RunDeck.csproj", "{E7547E51-8502-C312-5BD6-26988E42FE84}"
EndProject
Project("{FAE04EC0-301F-11D3-BF4B-00C04F79EFBC}") = "Linchpin", "Linchpin\Linchpin.csproj", "{231E716F-C6F5-7859-2F6B-6B2EDA931158}"
EndProject
Project("{FAE04EC0-301F-11D3-BF4B-00C04F79EFBC}") = "OCRPlayground", "OCRPlayground\OCRPlayground.csproj", "{96539960-EA75-4673-8332-D89AD2776769}"
EndProject
Project("{2150E333-8FDC-42A3-9474-1A3956D46DE8}") = "GitGood", "GitGood", "{02EA681E-C7D8-13C7-8484-4AC65E1B71E8}"
EndProject
Project("{2150E333-8FDC-42A3-9474-1A3956D46DE8}") = "AllWorkNoPlay", "AllWorkNoPlay", "{6C6807E8-7FCA-4491-B5FA-71CC0E29A761}"
EndProject
Project("{2150E333-8FDC-42A3-9474-1A3956D46DE8}") = "FunPolice", "FunPolice", "{2B468C9F-2330-49AA-9D70-F04CEA3210FE}"
EndProject
Global
	GlobalSection(SolutionConfigurationPlatforms) = preSolution
		Debug|Any CPU = Debug|Any CPU
		Release|Any CPU = Release|Any CPU
	EndGlobalSection
	GlobalSection(ProjectConfigurationPlatforms) = postSolution
		{176FA655-5211-4089-8A43-6D3C5785D5AF}.Debug|Any CPU.ActiveCfg = Debug|Any CPU
		{176FA655-5211-4089-8A43-6D3C5785D5AF}.Debug|Any CPU.Build.0 = Debug|Any CPU
		{176FA655-5211-4089-8A43-6D3C5785D5AF}.Release|Any CPU.ActiveCfg = Release|Any CPU
		{176FA655-5211-4089-8A43-6D3C5785D5AF}.Release|Any CPU.Build.0 = Release|Any CPU
		{A84DE71D-3097-42EA-9A0E-7E3FDD947645}.Debug|Any CPU.ActiveCfg = Debug|Any CPU
		{A84DE71D-3097-42EA-9A0E-7E3FDD947645}.Debug|Any CPU.Build.0 = Debug|Any CPU
		{A84DE71D-3097-42EA-9A0E-7E3FDD947645}.Release|Any CPU.ActiveCfg = Release|Any CPU
		{A84DE71D-3097-42EA-9A0E-7E3FDD947645}.Release|Any CPU.Build.0 = Release|Any CPU
		{87850887-FB4D-47E2-872D-2D8A911AE90F}.Debug|Any CPU.ActiveCfg = Debug|Any CPU
		{87850887-FB4D-47E2-872D-2D8A911AE90F}.Debug|Any CPU.Build.0 = Debug|Any CPU
		{87850887-FB4D-47E2-872D-2D8A911AE90F}.Release|Any CPU.ActiveCfg = Release|Any CPU
		{87850887-FB4D-47E2-872D-2D8A911AE90F}.Release|Any CPU.Build.0 = Release|Any CPU
		{7FD52BB0-92E1-2191-66C3-F38D0A11B372}.Debug|Any CPU.ActiveCfg = Debug|Any CPU
		{7FD52BB0-92E1-2191-66C3-F38D0A11B372}.Debug|Any CPU.Build.0 = Debug|Any CPU
		{7FD52BB0-92E1-2191-66C3-F38D0A11B372}.Release|Any CPU.ActiveCfg = Release|Any CPU
		{7FD52BB0-92E1-2191-66C3-F38D0A11B372}.Release|Any CPU.Build.0 = Release|Any CPU
		{D5C8DAEF-6BB7-2DB0-0005-A5FEB2961CA6}.Debug|Any CPU.ActiveCfg = Debug|Any CPU
		{D5C8DAEF-6BB7-2DB0-0005-A5FEB2961CA6}.Debug|Any CPU.Build.0 = Debug|Any CPU
		{D5C8DAEF-6BB7-2DB0-0005-A5FEB2961CA6}.Release|Any CPU.ActiveCfg = Release|Any CPU
		{D5C8DAEF-6BB7-2DB0-0005-A5FEB2961CA6}.Release|Any CPU.Build.0 = Release|Any CPU
		{3249E32F-8FE1-C5D2-AAE4-028D283938C1}.Debug|Any CPU.ActiveCfg = Debug|Any CPU
		{3249E32F-8FE1-C5D2-AAE4-028D283938C1}.Debug|Any CPU.Build.0 = Debug|Any CPU
		{3249E32F-8FE1-C5D2-AAE4-028D283938C1}.Release|Any CPU.ActiveCfg = Release|Any CPU
		{3249E32F-8FE1-C5D2-AAE4-028D283938C1}.Release|Any CPU.Build.0 = Release|Any CPU
		{24D0196E-EB6A-6B09-1FAB-49E8F4403EE9}.Debug|Any CPU.ActiveCfg = Debug|Any CPU
		{24D0196E-EB6A-6B09-1FAB-49E8F4403EE9}.Debug|Any CPU.Build.0 = Debug|Any CPU
		{24D0196E-EB6A-6B09-1FAB-49E8F4403EE9}.Release|Any CPU.ActiveCfg = Release|Any CPU
		{24D0196E-EB6A-6B09-1FAB-49E8F4403EE9}.Release|Any CPU.Build.0 = Release|Any CPU
		{9CD1F738-55B6-3C9B-478A-73FDED16879F}.Debug|Any CPU.ActiveCfg = Debug|Any CPU
		{9CD1F738-55B6-3C9B-478A-73FDED16879F}.Debug|Any CPU.Build.0 = Debug|Any CPU
		{9CD1F738-55B6-3C9B-478A-73FDED16879F}.Release|Any CPU.ActiveCfg = Release|Any CPU
		{9CD1F738-55B6-3C9B-478A-73FDED16879F}.Release|Any CPU.Build.0 = Release|Any CPU
		{7014FB69-6C05-5093-2DAD-B33A574AE011}.Debug|Any CPU.ActiveCfg = Debug|Any CPU
		{7014FB69-6C05-5093-2DAD-B33A574AE011}.Debug|Any CPU.Build.0 = Debug|Any CPU
		{7014FB69-6C05-5093-2DAD-B33A574AE011}.Release|Any CPU.ActiveCfg = Release|Any CPU
		{7014FB69-6C05-5093-2DAD-B33A574AE011}.Release|Any CPU.Build.0 = Release|Any CPU
		{FEB469DF-E156-8AB3-3AE2-C49A9D032EE1}.Debug|Any CPU.ActiveCfg = Debug|Any CPU
		{FEB469DF-E156-8AB3-3AE2-C49A9D032EE1}.Debug|Any CPU.Build.0 = Debug|Any CPU
		{FEB469DF-E156-8AB3-3AE2-C49A9D032EE1}.Release|Any CPU.ActiveCfg = Release|Any CPU
		{FEB469DF-E156-8AB3-3AE2-C49A9D032EE1}.Release|Any CPU.Build.0 = Release|Any CPU
		{86710A6A-14F9-65CA-9170-28DBCFFD3275}.Debug|Any CPU.ActiveCfg = Debug|Any CPU
		{86710A6A-14F9-65CA-9170-28DBCFFD3275}.Debug|Any CPU.Build.0 = Debug|Any CPU
		{86710A6A-14F9-65CA-9170-28DBCFFD3275}.Release|Any CPU.ActiveCfg = Release|Any CPU
		{86710A6A-14F9-65CA-9170-28DBCFFD3275}.Release|Any CPU.Build.0 = Release|Any CPU
		{E26B6A9D-9BBC-A3E2-4830-900DC94F7DAB}.Debug|Any CPU.ActiveCfg = Debug|Any CPU
		{E26B6A9D-9BBC-A3E2-4830-900DC94F7DAB}.Debug|Any CPU.Build.0 = Debug|Any CPU
		{E26B6A9D-9BBC-A3E2-4830-900DC94F7DAB}.Release|Any CPU.ActiveCfg = Release|Any CPU
		{E26B6A9D-9BBC-A3E2-4830-900DC94F7DAB}.Release|Any CPU.Build.0 = Release|Any CPU
		{ABBD3AB4-1A90-B2FA-75F3-C755B2A8695A}.Debug|Any CPU.ActiveCfg = Debug|Any CPU
		{ABBD3AB4-1A90-B2FA-75F3-C755B2A8695A}.Debug|Any CPU.Build.0 = Debug|Any CPU
		{ABBD3AB4-1A90-B2FA-75F3-C755B2A8695A}.Release|Any CPU.ActiveCfg = Release|Any CPU
		{ABBD3AB4-1A90-B2FA-75F3-C755B2A8695A}.Release|Any CPU.Build.0 = Release|Any CPU
		{E7547E51-8502-C312-5BD6-26988E42FE84}.Debug|Any CPU.ActiveCfg = Debug|Any CPU
		{E7547E51-8502-C312-5BD6-26988E42FE84}.Debug|Any CPU.Build.0 = Debug|Any CPU
		{E7547E51-8502-C312-5BD6-26988E42FE84}.Release|Any CPU.ActiveCfg = Release|Any CPU
		{E7547E51-8502-C312-5BD6-26988E42FE84}.Release|Any CPU.Build.0 = Release|Any CPU
		{231E716F-C6F5-7859-2F6B-6B2EDA931158}.Debug|Any CPU.ActiveCfg = Debug|Any CPU
		{231E716F-C6F5-7859-2F6B-6B2EDA931158}.Debug|Any CPU.Build.0 = Debug|Any CPU
		{231E716F-C6F5-7859-2F6B-6B2EDA931158}.Release|Any CPU.ActiveCfg = Release|Any CPU
		{231E716F-C6F5-7859-2F6B-6B2EDA931158}.Release|Any CPU.Build.0 = Release|Any CPU
		{96539960-EA75-4673-8332-D89AD2776769}.Debug|Any CPU.ActiveCfg = Debug|Any CPU
		{96539960-EA75-4673-8332-D89AD2776769}.Debug|Any CPU.Build.0 = Debug|Any CPU
		{96539960-EA75-4673-8332-D89AD2776769}.Release|Any CPU.ActiveCfg = Release|Any CPU
		{96539960-EA75-4673-8332-D89AD2776769}.Release|Any CPU.Build.0 = Release|Any CPU
	EndGlobalSection
	GlobalSection(SolutionProperties) = preSolution
		HideSolutionNode = FALSE
	EndGlobalSection
	GlobalSection(NestedProjects) = preSolution
		{176FA655-5211-4089-8A43-6D3C5785D5AF} = {2B468C9F-2330-49AA-9D70-F04CEA3210FE}
		{A84DE71D-3097-42EA-9A0E-7E3FDD947645} = {02EA681E-C7D8-13C7-8484-4AC65E1B71E8}
		{87850887-FB4D-47E2-872D-2D8A911AE90F} = {02EA681E-C7D8-13C7-8484-4AC65E1B71E8}
		{7FD52BB0-92E1-2191-66C3-F38D0A11B372} = {2B468C9F-2330-49AA-9D70-F04CEA3210FE}
		{D5C8DAEF-6BB7-2DB0-0005-A5FEB2961CA6} = {6C6807E8-7FCA-4491-B5FA-71CC0E29A761}
		{3249E32F-8FE1-C5D2-AAE4-028D283938C1} = {6C6807E8-7FCA-4491-B5FA-71CC0E29A761}
		{24D0196E-EB6A-6B09-1FAB-49E8F4403EE9} = {6C6807E8-7FCA-4491-B5FA-71CC0E29A761}
		{9CD1F738-55B6-3C9B-478A-73FDED16879F} = {6C6807E8-7FCA-4491-B5FA-71CC0E29A761}
		{7014FB69-6C05-5093-2DAD-B33A574AE011} = {6C6807E8-7FCA-4491-B5FA-71CC0E29A761}
		{FEB469DF-E156-8AB3-3AE2-C49A9D032EE1} = {6C6807E8-7FCA-4491-B5FA-71CC0E29A761}
		{86710A6A-14F9-65CA-9170-28DBCFFD3275} = {2B468C9F-2330-49AA-9D70-F04CEA3210FE}
		{E26B6A9D-9BBC-A3E2-4830-900DC94F7DAB} = {2B468C9F-2330-49AA-9D70-F04CEA3210FE}
		{ABBD3AB4-1A90-B2FA-75F3-C755B2A8695A} = {6C6807E8-7FCA-4491-B5FA-71CC0E29A761}
		{E7547E51-8502-C312-5BD6-26988E42FE84} = {6C6807E8-7FCA-4491-B5FA-71CC0E29A761}
		{231E716F-C6F5-7859-2F6B-6B2EDA931158} = {6C6807E8-7FCA-4491-B5FA-71CC0E29A761}
		{96539960-EA75-4673-8332-D89AD2776769} = {2B468C9F-2330-49AA-9D70-F04CEA3210FE}
	EndGlobalSection
	GlobalSection(ExtensibilityGlobals) = postSolution
		SolutionGuid = {CD2E61A9-B3E7-4898-AEE0-4C33CEF611AC}
	EndGlobalSection
EndGlobal
